
Microsoft Visual Studio Solution File, Format Version 12.00
# Visual Studio Version 17
VisualStudioVersion = 17.9.34728.123
MinimumVisualStudioVersion = 10.0.40219.1
Project("{8BC9CEB8-8B4A-11D0-8D11-00A0C91BC942}") = "LIbrary management system", "LIbrary management system\LIbrary management system.vcxproj", "{AE54761C-2338-4146-B712-4FED27F61361}"
EndProject
Global
	GlobalSection(SolutionConfigurationPlatforms) = preSolution
		Debug|x64 = Debug|x64
		Debug|x86 = Debug|x86
		Release|x64 = Release|x64
		Release|x86 = Release|x86
	EndGlobalSection
	GlobalSection(ProjectConfigurationPlatforms) = postSolution
		{AE54761C-2338-4146-B712-4FED27F61361}.Debug|x64.ActiveCfg = Debug|x64
		{AE54761C-2338-4146-B712-4FED27F61361}.Debug|x64.Build.0 = Debug|x64
		{AE54761C-2338-4146-B712-4FED27F61361}.Debug|x86.ActiveCfg = Debug|Win32
		{AE54761C-2338-4146-B712-4FED27F61361}.Debug|x86.Build.0 = Debug|Win32
		{AE54761C-2338-4146-B712-4FED27F61361}.Release|x64.ActiveCfg = Release|x64
		{AE54761C-2338-4146-B712-4FED27F61361}.Release|x64.Build.0 = Release|x64
		{AE54761C-2338-4146-B712-4FED27F61361}.Release|x86.ActiveCfg = Release|Win32
		{AE54761C-2338-4146-B712-4FED27F61361}.Release|x86.Build.0 = Release|Win32
	EndGlobalSection
	GlobalSection(SolutionProperties) = preSolution
		HideSolutionNode = FALSE
	EndGlobalSection
	GlobalSection(ExtensibilityGlobals) = postSolution
		SolutionGuid = {BEC26E12-D76F-4FFB-9338-C50317D7FE1D}
	EndGlobalSection
EndGlobal
